Microsoft Visual Studio Solution File, Format Version 12.00
# Visual Studio Version 17
VisualStudioVersion = 17.5.2.0
MinimumVisualStudioVersion = 10.0.40219.1
Project("{FAE04EC0-301F-11D3-BF4B-00C04F79EFBC}") = "LiveChatApp", "LiveChatApp.csproj", "{3B8739F3-CE90-0121-D0A4-F0F7735C8037}"
EndProject
Global
	GlobalSection(SolutionConfigurationPlatforms) = preSolution
		Debug|Any CPU = Debug|Any CPU
		Release|Any CPU = Release|Any CPU
	EndGlobalSection
	GlobalSection(ProjectConfigurationPlatforms) = postSolution
		{3B8739F3-CE90-0121-D0A4-F0F7735C8037}.Debug|Any CPU.ActiveCfg = Debug|Any CPU
		{3B8739F3-CE90-0121-D0A4-F0F7735C8037}.Debug|Any CPU.Build.0 = Debug|Any CPU
		{3B8739F3-CE90-0121-D0A4-F0F7735C8037}.Release|Any CPU.ActiveCfg = Release|Any CPU
		{3B8739F3-CE90-0121-D0A4-F0F7735C8037}.Release|Any CPU.Build.0 = Release|Any CPU
	EndGlobalSection
	GlobalSection(SolutionProperties) = preSolution
		HideSolutionNode = FALSE
	EndGlobalSection
	GlobalSection(ExtensibilityGlobals) = postSolution
		SolutionGuid = {08247674-D22F-4685-9A94-FE2D426C8303}
	EndGlobalSection
EndGlobal
